
Microsoft Visual Studio Solution File, Format Version 12.00
# Visual Studio 2013
VisualStudioVersion = 12.0.31101.0
MinimumVisualStudioVersion = 10.0.40219.1
Project("{FAE04EC0-301F-11D3-BF4B-00C04F79EFBC}") = "EntityFrameworkTestDb", "EntityFrameworkTestDb\EntityFrameworkTestDb.csproj", "{A046CA22-E6EE-4A4C-B548-C667E7BE48CE}"
EndProject
Project("{FAE04EC0-301F-11D3-BF4B-00C04F79EFBC}") = "EntityFrameworkTestDb.Tests", "EntityFrameworkTestDb.Tests\EntityFrameworkTestDb.Tests.csproj", "{90133842-1C73-40D6-B2FF-BF83A12C8862}"
EndProject
Project("{FAE04EC0-301F-11D3-BF4B-00C04F79EFBC}") = "EntityFrameworkTestDb.NUnitHelpers", "EntityFrameworkTestDb.NUnitHelpers\EntityFrameworkTestDb.NUnitHelpers.csproj", "{34A7B63D-A211-43C4-93B7-6ED7DF578719}"
EndProject
Project("{FAE04EC0-301F-11D3-BF4B-00C04F79EFBC}") = "EntityFrameworkTestDb.NUnitHelpers.Tests", "EntityFrameworkTestDb.NUnitHelpers.Tests\EntityFrameworkTestDb.NUnitHelpers.Tests.csproj", "{9264D747-F9D8-40CC-A88A-FCB69F3EE99C}"
EndProject
Project("{FAE04EC0-301F-11D3-BF4B-00C04F79EFBC}") = "EntityFrameworkTestDb.SqlServerCompactHelpers", "EntityFrameworkTestDb.SqlServerCompactHelpers\EntityFrameworkTestDb.SqlServerCompactHelpers.csproj", "{915BAE9C-869B-460A-AD08-E7A317D5543C}"
EndProject
Project("{FAE04EC0-301F-11D3-BF4B-00C04F79EFBC}") = "EntityFrameworkTestDb.SqlServerCompactHelpers.Tests", "EntityFrameworkTestDb.SqlServerCompactHelpers.Tests\EntityFrameworkTestDb.SqlServerCompactHelpers.Tests.csproj", "{BFE4A717-8100-4E6F-B79E-AE3E9C18FA89}"
EndProject
Project("{FAE04EC0-301F-11D3-BF4B-00C04F79EFBC}") = "EntityFrameworkTestDb.LocalDbHelpers", "EntityFrameworkTestDb.LocalDbHelpers\EntityFrameworkTestDb.LocalDbHelpers.csproj", "{5DC39564-67B0-47A0-A17E-7B2533D53FED}"
EndProject
Project("{FAE04EC0-301F-11D3-BF4B-00C04F79EFBC}") = "EntityFrameworkTestDb.LocalDbHelpers.Tests", "EntityFrameworkTestDb.LocalDbHelpers.Tests\EntityFrameworkTestDb.LocalDbHelpers.Tests.csproj", "{6E90FCAF-D234-4B15-B9DB-8F035BC6F6B4}"
EndProject
Project("{FAE04EC0-301F-11D3-BF4B-00C04F79EFBC}") = "EntityFrameworkTestDb.Tests_LocalDb", "EntityFrameworkTestDb.Tests_LocalDb\EntityFrameworkTestDb.Tests_LocalDb.csproj", "{5CC15707-18F3-4A83-878C-41FFC698C137}"
EndProject
Project("{FAE04EC0-301F-11D3-BF4B-00C04F79EFBC}") = "EntityFrameworkTestDb.Tests_SqlServerCompact", "EntityFrameworkTestDb.Tests_SqlServerCompact\EntityFrameworkTestDb.Tests_SqlServerCompact.csproj", "{714AE3D8-1EEA-462B-AE53-8330F2F4C383}"
EndProject
Global
	GlobalSection(SolutionConfigurationPlatforms) = preSolution
		Debug|Any CPU = Debug|Any CPU
		Release|Any CPU = Release|Any CPU
	EndGlobalSection
	GlobalSection(ProjectConfigurationPlatforms) = postSolution
		{A046CA22-E6EE-4A4C-B548-C667E7BE48CE}.Debug|Any CPU.ActiveCfg = Debug|Any CPU
		{A046CA22-E6EE-4A4C-B548-C667E7BE48CE}.Debug|Any CPU.Build.0 = Debug|Any CPU
		{A046CA22-E6EE-4A4C-B548-C667E7BE48CE}.Release|Any CPU.ActiveCfg = Release|Any CPU
		{A046CA22-E6EE-4A4C-B548-C667E7BE48CE}.Release|Any CPU.Build.0 = Release|Any CPU
		{90133842-1C73-40D6-B2FF-BF83A12C8862}.Debug|Any CPU.ActiveCfg = Debug|Any CPU
		{90133842-1C73-40D6-B2FF-BF83A12C8862}.Debug|Any CPU.Build.0 = Debug|Any CPU
		{90133842-1C73-40D6-B2FF-BF83A12C8862}.Release|Any CPU.ActiveCfg = Release|Any CPU
		{90133842-1C73-40D6-B2FF-BF83A12C8862}.Release|Any CPU.Build.0 = Release|Any CPU
		{34A7B63D-A211-43C4-93B7-6ED7DF578719}.Debug|Any CPU.ActiveCfg = Debug|Any CPU
		{34A7B63D-A211-43C4-93B7-6ED7DF578719}.Debug|Any CPU.Build.0 = Debug|Any CPU
		{34A7B63D-A211-43C4-93B7-6ED7DF578719}.Release|Any CPU.ActiveCfg = Release|Any CPU
		{34A7B63D-A211-43C4-93B7-6ED7DF578719}.Release|Any CPU.Build.0 = Release|Any CPU
		{9264D747-F9D8-40CC-A88A-FCB69F3EE99C}.Debug|Any CPU.ActiveCfg = Debug|Any CPU
		{9264D747-F9D8-40CC-A88A-FCB69F3EE99C}.Debug|Any CPU.Build.0 = Debug|Any CPU
		{9264D747-F9D8-40CC-A88A-FCB69F3EE99C}.Release|Any CPU.ActiveCfg = Release|Any CPU
		{9264D747-F9D8-40CC-A88A-FCB69F3EE99C}.Release|Any CPU.Build.0 = Release|Any CPU
		{915BAE9C-869B-460A-AD08-E7A317D5543C}.Debug|Any CPU.ActiveCfg = Debug|Any CPU
		{915BAE9C-869B-460A-AD08-E7A317D5543C}.Debug|Any CPU.Build.0 = Debug|Any CPU
		{915BAE9C-869B-460A-AD08-E7A317D5543C}.Release|Any CPU.ActiveCfg = Release|Any CPU
		{915BAE9C-869B-460A-AD08-E7A317D5543C}.Release|Any CPU.Build.0 = Release|Any CPU
		{BFE4A717-8100-4E6F-B79E-AE3E9C18FA89}.Debug|Any CPU.ActiveCfg = Debug|Any CPU
		{BFE4A717-8100-4E6F-B79E-AE3E9C18FA89}.Debug|Any CPU.Build.0 = Debug|Any CPU
		{BFE4A717-8100-4E6F-B79E-AE3E9C18FA89}.Release|Any CPU.ActiveCfg = Release|Any CPU
		{BFE4A717-8100-4E6F-B79E-AE3E9C18FA89}.Release|Any CPU.Build.0 = Release|Any CPU
		{5DC39564-67B0-47A0-A17E-7B2533D53FED}.Debug|Any CPU.ActiveCfg = Debug|Any CPU
		{5DC39564-67B0-47A0-A17E-7B2533D53FED}.Debug|Any CPU.Build.0 = Debug|Any CPU
		{5DC39564-67B0-47A0-A17E-7B2533D53FED}.Release|Any CPU.ActiveCfg = Release|Any CPU
		{5DC39564-67B0-47A0-A17E-7B2533D53FED}.Release|Any CPU.Build.0 = Release|Any CPU
		{6E90FCAF-D234-4B15-B9DB-8F035BC6F6B4}.Debug|Any CPU.ActiveCfg = Debug|Any CPU
		{6E90FCAF-D234-4B15-B9DB-8F035BC6F6B4}.Debug|Any CPU.Build.0 = Debug|Any CPU
		{6E90FCAF-D234-4B15-B9DB-8F035BC6F6B4}.Release|Any CPU.ActiveCfg = Release|Any CPU
		{6E90FCAF-D234-4B15-B9DB-8F035BC6F6B4}.Release|Any CPU.Build.0 = Release|Any CPU
		{5CC15707-18F3-4A83-878C-41FFC698C137}.Debug|Any CPU.ActiveCfg = Debug|Any CPU
		{5CC15707-18F3-4A83-878C-41FFC698C137}.Debug|Any CPU.Build.0 = Debug|Any CPU
		{5CC15707-18F3-4A83-878C-41FFC698C137}.Release|Any CPU.ActiveCfg = Release|Any CPU
		{5CC15707-18F3-4A83-878C-41FFC698C137}.Release|Any CPU.Build.0 = Release|Any CPU
		{714AE3D8-1EEA-462B-AE53-8330F2F4C383}.Debug|Any CPU.ActiveCfg = Debug|Any CPU
		{714AE3D8-1EEA-462B-AE53-8330F2F4C383}.Debug|Any CPU.Build.0 = Debug|Any CPU
		{714AE3D8-1EEA-462B-AE53-8330F2F4C383}.Release|Any CPU.ActiveCfg = Release|Any CPU
		{714AE3D8-1EEA-462B-AE53-8330F2F4C383}.Release|Any CPU.Build.0 = Release|Any CPU
	EndGlobalSection
	GlobalSection(SolutionProperties) = preSolution
		HideSolutionNode = FALSE
	EndGlobalSection
EndGlobal
